
Microsoft Visual Studio Solution File, Format Version 12.00
# Visual Studio Version 16
VisualStudioVersion = 16.0.31019.35
MinimumVisualStudioVersion = 10.0.40219.1
Project("{8BC9CEB8-8B4A-11D0-8D11-00A0C91BC942}") = "XOX", "XOX\XOX.vcxproj", "{D974A5EA-8EBB-445D-920D-4A68A492099F}"
EndProject
Global
	GlobalSection(SolutionConfigurationPlatforms) = preSolution
		Debug|x64 = Debug|x64
		Debug|x86 = Debug|x86
		Release|x64 = Release|x64
		Release|x86 = Release|x86
	EndGlobalSection
	GlobalSection(ProjectConfigurationPlatforms) = postSolution
		{D974A5EA-8EBB-445D-920D-4A68A492099F}.Debug|x64.ActiveCfg = Debug|x64
		{D974A5EA-8EBB-445D-920D-4A68A492099F}.Debug|x64.Build.0 = Debug|x64
		{D974A5EA-8EBB-445D-920D-4A68A492099F}.Debug|x86.ActiveCfg = Debug|Win32
		{D974A5EA-8EBB-445D-920D-4A68A492099F}.Debug|x86.Build.0 = Debug|Win32
		{D974A5EA-8EBB-445D-920D-4A68A492099F}.Release|x64.ActiveCfg = Release|x64
		{D974A5EA-8EBB-445D-920D-4A68A492099F}.Release|x64.Build.0 = Release|x64
		{D974A5EA-8EBB-445D-920D-4A68A492099F}.Release|x86.ActiveCfg = Release|Win32
		{D974A5EA-8EBB-445D-920D-4A68A492099F}.Release|x86.Build.0 = Release|Win32
	EndGlobalSection
	GlobalSection(SolutionProperties) = preSolution
		HideSolutionNode = FALSE
	EndGlobalSection
	GlobalSection(ExtensibilityGlobals) = postSolution
		SolutionGuid = {306AF746-DD3B-488E-9847-F7A7808C9005}
	EndGlobalSection
EndGlobal
